// !$*UTF8*$!
{
	archiveVersion = 1;
	classes = {
	};
	objectVersion = 56;
	objects = {

/* Begin PBXBuildFile section */
		078DE1E32A4F7DC9008871D0 /* FetchCodingChallengeApp.swift in Sources */ = {isa = PBXBuildFile; fileRef = 078DE1E22A4F7DC9008871D0 /* FetchCodingChallengeApp.swift */; };
		078DE1E52A4F7DC9008871D0 /* ContentView.swift in Sources */ = {isa = PBXBuildFile; fileRef = 078DE1E42A4F7DC9008871D0 /* ContentView.swift */; };
		078DE1E72A4F7DCA008871D0 /* Assets.xcassets in Resources */ = {isa = PBXBuildFile; fileRef = 078DE1E62A4F7DCA008871D0 /* Assets.xcassets */; };
		078DE1EA2A4F7DCA008871D0 /* Preview Assets.xcassets in Resources */ = {isa = PBXBuildFile; fileRef = 078DE1E92A4F7DCA008871D0 /* Preview Assets.xcassets */; };
		078DE20B2A4F8E6F008871D0 /* DetailView.swift in Sources */ = {isa = PBXBuildFile; fileRef = 078DE20A2A4F8E6F008871D0 /* DetailView.swift */; };
		078DE20F2A4F90BB008871D0 /* ContentView-ViewModel.swift in Sources */ = {isa = PBXBuildFile; fileRef = 078DE20E2A4F90BB008871D0 /* ContentView-ViewModel.swift */; };
		078DE2112A4F9537008871D0 /* Meal.swift in Sources */ = {isa = PBXBuildFile; fileRef = 078DE2102A4F9537008871D0 /* Meal.swift */; };
		078DE2132A4F961C008871D0 /* MealResponse.swift in Sources */ = {isa = PBXBuildFile; fileRef = 078DE2122A4F961C008871D0 /* MealResponse.swift */; };
		078DE2152A4F9628008871D0 /* MealDetailResponse.swift in Sources */ = {isa = PBXBuildFile; fileRef = 078DE2142A4F9628008871D0 /* MealDetailResponse.swift */; };
		078DE2172A4F9649008871D0 /* MealDetail.swift in Sources */ = {isa = PBXBuildFile; fileRef = 078DE2162A4F9649008871D0 /* MealDetail.swift */; };
		07ACD9462A4FFEC1008DD9BC /* FetchCodingChallengeSlowTests.swift in Sources */ = {isa = PBXBuildFile; fileRef = 07ACD9452A4FFEC1008DD9BC /* FetchCodingChallengeSlowTests.swift */; };
/* End PBXBuildFile section */

/* Begin PBXContainerItemProxy section */
		07ACD93E2A4FEE87008DD9BC /* PBXContainerItemProxy */ = {
			isa = PBXContainerItemProxy;
			containerPortal = 078DE1D72A4F7DC9008871D0 /* Project object */;
			proxyType = 1;
			remoteGlobalIDString = 078DE1DE2A4F7DC9008871D0;
			remoteInfo = FetchCodingChallenge;
		};
/* End PBXContainerItemProxy section */

/* Begin PBXFileReference section */
		078DE1DF2A4F7DC9008871D0 /* FetchCodingChallenge.app */ = {isa = PBXFileReference; explicitFileType = wrapper.application; includeInIndex = 0; path = FetchCodingChallenge.app; sourceTree = BUILT_PRODUCTS_DIR; };
		078DE1E22A4F7DC9008871D0 /* FetchCodingChallengeApp.swift */ = {isa = PBXFileReference; lastKnownFileType = sourcecode.swift; path = FetchCodingChallengeApp.swift; sourceTree = "<group>"; };
		078DE1E42A4F7DC9008871D0 /* ContentView.swift */ = {isa = PBXFileReference; lastKnownFileType = sourcecode.swift; path = ContentView.swift; sourceTree = "<group>"; };
		078DE1E62A4F7DCA008871D0 /* Assets.xcassets */ = {isa = PBXFileReference; lastKnownFileType = folder.assetcatalog; path = Assets.xcassets; sourceTree = "<group>"; };
		078DE1E92A4F7DCA008871D0 /* Preview Assets.xcassets */ = {isa = PBXFileReference; lastKnownFileType = folder.assetcatalog; path = "Preview Assets.xcassets"; sourceTree = "<group>"; };
		078DE20A2A4F8E6F008871D0 /* DetailView.swift */ = {isa = PBXFileReference; lastKnownFileType = sourcecode.swift; path = DetailView.swift; sourceTree = "<group>"; };
		078DE20E2A4F90BB008871D0 /* ContentView-ViewModel.swift */ = {isa = PBXFileReference; lastKnownFileType = sourcecode.swift; path = "ContentView-ViewModel.swift"; sourceTree = "<group>"; };
		078DE2102A4F9537008871D0 /* Meal.swift */ = {isa = PBXFileReference; lastKnownFileType = sourcecode.swift; path = Meal.swift; sourceTree = "<group>"; };
		078DE2122A4F961C008871D0 /* MealResponse.swift */ = {isa = PBXFileReference; lastKnownFileType = sourcecode.swift; path = MealResponse.swift; sourceTree = "<group>"; };
		078DE2142A4F9628008871D0 /* MealDetailResponse.swift */ = {isa = PBXFileReference; lastKnownFileType = sourcecode.swift; path = MealDetailResponse.swift; sourceTree = "<group>"; };
		078DE2162A4F9649008871D0 /* MealDetail.swift */ = {isa = PBXFileReference; lastKnownFileType = sourcecode.swift; path = MealDetail.swift; sourceTree = "<group>"; };
		07ACD93A2A4FEE87008DD9BC /* FetchCodingChallengeTests.xctest */ = {isa = PBXFileReference; explicitFileType = wrapper.cfbundle; includeInIndex = 0; path = FetchCodingChallengeTests.xctest; sourceTree = BUILT_PRODUCTS_DIR; };
		07ACD9452A4FFEC1008DD9BC /* FetchCodingChallengeSlowTests.swift */ = {isa = PBXFileReference; lastKnownFileType = sourcecode.swift; path = FetchCodingChallengeSlowTests.swift; sourceTree = "<group>"; };
/* End PBXFileReference section */

/* Begin PBXFrameworksBuildPhase section */
		078DE1DC2A4F7DC9008871D0 /* Frameworks */ = {
			isa = PBXFrameworksBuildPhase;
			buildActionMask = 2147483647;
			files = (
			);
			runOnlyForDeploymentPostprocessing = 0;
		};
		07ACD9372A4FEE87008DD9BC /* Frameworks */ = {
			isa = PBXFrameworksBuildPhase;
			buildActionMask = 2147483647;
			files = (
			);
			runOnlyForDeploymentPostprocessing = 0;
		};
/* End PBXFrameworksBuildPhase section */

/* Begin PBXGroup section */
		078DE1D62A4F7DC9008871D0 = {
			isa = PBXGroup;
			children = (
				078DE1E12A4F7DC9008871D0 /* FetchCodingChallenge */,
				07ACD93B2A4FEE87008DD9BC /* FetchCodingChallengeTests */,
				078DE1E02A4F7DC9008871D0 /* Products */,
			);
			sourceTree = "<group>";
		};
		078DE1E02A4F7DC9008871D0 /* Products */ = {
			isa = PBXGroup;
			children = (
				078DE1DF2A4F7DC9008871D0 /* FetchCodingChallenge.app */,
				07ACD93A2A4FEE87008DD9BC /* FetchCodingChallengeTests.xctest */,
			);
			name = Products;
			sourceTree = "<group>";
		};
		078DE1E12A4F7DC9008871D0 /* FetchCodingChallenge */ = {
			isa = PBXGroup;
			children = (
				078DE1E22A4F7DC9008871D0 /* FetchCodingChallengeApp.swift */,
				078DE1E42A4F7DC9008871D0 /* ContentView.swift */,
				078DE20E2A4F90BB008871D0 /* ContentView-ViewModel.swift */,
				078DE20A2A4F8E6F008871D0 /* DetailView.swift */,
				078DE2102A4F9537008871D0 /* Meal.swift */,
				078DE2162A4F9649008871D0 /* MealDetail.swift */,
				078DE2122A4F961C008871D0 /* MealResponse.swift */,
				078DE2142A4F9628008871D0 /* MealDetailResponse.swift */,
				078DE1E62A4F7DCA008871D0 /* Assets.xcassets */,
				078DE1E82A4F7DCA008871D0 /* Preview Content */,
			);
			path = FetchCodingChallenge;
			sourceTree = "<group>";
		};
		078DE1E82A4F7DCA008871D0 /* Preview Content */ = {
			isa = PBXGroup;
			children = (
				078DE1E92A4F7DCA008871D0 /* Preview Assets.xcassets */,
			);
			path = "Preview Content";
			sourceTree = "<group>";
		};
		07ACD93B2A4FEE87008DD9BC /* FetchCodingChallengeTests */ = {
			isa = PBXGroup;
			children = (
				07ACD9452A4FFEC1008DD9BC /* FetchCodingChallengeSlowTests.swift */,
			);
			path = FetchCodingChallengeTests;
			sourceTree = "<group>";
		};
/* End PBXGroup section */

/* Begin PBXNativeTarget section */
		078DE1DE2A4F7DC9008871D0 /* FetchCodingChallenge */ = {
			isa = PBXNativeTarget;
			buildConfigurationList = 078DE1ED2A4F7DCA008871D0 /* Build configuration list for PBXNativeTarget "FetchCodingChallenge" */;
			buildPhases = (
				078DE1DB2A4F7DC9008871D0 /* Sources */,
				078DE1DC2A4F7DC9008871D0 /* Frameworks */,
				078DE1DD2A4F7DC9008871D0 /* Resources */,
			);
			buildRules = (
			);
			dependencies = (
			);
			name = FetchCodingChallenge;
			productName = FetchCodingChallenge;
			productReference = 078DE1DF2A4F7DC9008871D0 /* FetchCodingChallenge.app */;
			productType = "com.apple.product-type.application";
		};
		07ACD9392A4FEE87008DD9BC /* FetchCodingChallengeTests */ = {
			isa = PBXNativeTarget;
			buildConfigurationList = 07ACD9422A4FEE87008DD9BC /* Build configuration list for PBXNativeTarget "FetchCodingChallengeTests" */;
			buildPhases = (
				07ACD9362A4FEE87008DD9BC /* Sources */,
				07ACD9372A4FEE87008DD9BC /* Frameworks */,
				07ACD9382A4FEE87008DD9BC /* Resources */,
			);
			buildRules = (
			);
			dependencies = (
				07ACD93F2A4FEE87008DD9BC /* PBXTargetDependency */,
			);
			name = FetchCodingChallengeTests;
			productName = FetchCodingChallengeTests;
			productReference = 07ACD93A2A4FEE87008DD9BC /* FetchCodingChallengeTests.xctest */;
			productType = "com.apple.product-type.bundle.unit-test";
		};
/* End PBXNativeTarget section */

/* Begin PBXProject section */
		078DE1D72A4F7DC9008871D0 /* Project object */ = {
			isa = PBXProject;
			attributes = {
				BuildIndependentTargetsInParallel = 1;
				LastSwiftUpdateCheck = 1430;
				LastUpgradeCheck = 1430;
				TargetAttributes = {
					078DE1DE2A4F7DC9008871D0 = {
						CreatedOnToolsVersion = 14.3.1;
					};
					07ACD9392A4FEE87008DD9BC = {
						CreatedOnToolsVersion = 14.3.1;
						TestTargetID = 078DE1DE2A4F7DC9008871D0;
					};
				};
			};
			buildConfigurationList = 078DE1DA2A4F7DC9008871D0 /* Build configuration list for PBXProject "FetchCodingChallenge" */;
			compatibilityVersion = "Xcode 14.0";
			developmentRegion = en;
			hasScannedForEncodings = 0;
			knownRegions = (
				en,
				Base,
			);
			mainGroup = 078DE1D62A4F7DC9008871D0;
			productRefGroup = 078DE1E02A4F7DC9008871D0 /* Products */;
			projectDirPath = "";
			projectRoot = "";
			targets = (
				078DE1DE2A4F7DC9008871D0 /* FetchCodingChallenge */,
				07ACD9392A4FEE87008DD9BC /* FetchCodingChallengeTests */,
			);
		};
/* End PBXProject section */

/* Begin PBXResourcesBuildPhase section */
		078DE1DD2A4F7DC9008871D0 /* Resources */ = {
			isa = PBXResourcesBuildPhase;
			buildActionMask = 2147483647;
			files = (
				078DE1EA2A4F7DCA008871D0 /* Preview Assets.xcassets in Resources */,
				078DE1E72A4F7DCA008871D0 /* Assets.xcassets in Resources */,
			);
			runOnlyForDeploymentPostprocessing = 0;
		};
		07ACD9382A4FEE87008DD9BC /* Resources */ = {
			isa = PBXResourcesBuildPhase;
			buildActionMask = 2147483647;
			files = (
			);
			runOnlyForDeploymentPostprocessing = 0;
		};
/* End PBXResourcesBuildPhase section */

/* Begin PBXSourcesBuildPhase section */
		078DE1DB2A4F7DC9008871D0 /* Sources */ = {
			isa = PBXSourcesBuildPhase;
			buildActionMask = 2147483647;
			files = (
				078DE2112A4F9537008871D0 /* Meal.swift in Sources */,
				078DE2152A4F9628008871D0 /* MealDetailResponse.swift in Sources */,
				078DE1E52A4F7DC9008871D0 /* ContentView.swift in Sources */,
				078DE20F2A4F90BB008871D0 /* ContentView-ViewModel.swift in Sources */,
				078DE2132A4F961C008871D0 /* MealResponse.swift in Sources */,
				078DE2172A4F9649008871D0 /* MealDetail.swift in Sources */,
				078DE20B2A4F8E6F008871D0 /* DetailView.swift in Sources */,
				078DE1E32A4F7DC9008871D0 /* FetchCodingChallengeApp.swift in Sources */,
			);
			runOnlyForDeploymentPostprocessing = 0;
		};
		07ACD9362A4FEE87008DD9BC /* Sources */ = {
			isa = PBXSourcesBuildPhase;
			buildActionMask = 2147483647;
			files = (
				07ACD9462A4FFEC1008DD9BC /* FetchCodingChallengeSlowTests.swift in Sources */,
			);
			runOnlyForDeploymentPostprocessing = 0;
		};
/* End PBXSourcesBuildPhase section */

/* Begin PBXTargetDependency section */
		07ACD93F2A4FEE87008DD9BC /* PBXTargetDependency */ = {
			isa = PBXTargetDependency;
			target = 078DE1DE2A4F7DC9008871D0 /* FetchCodingChallenge */;
			targetProxy = 07ACD93E2A4FEE87008DD9BC /* PBXContainerItemProxy */;
		};
/* End PBXTargetDependency section */

/* Begin XCBuildConfiguration section */
		078DE1EB2A4F7DCA008871D0 /* Debug */ = {
			isa = XCBuildConfiguration;
			buildSettings = {
				ALWAYS_SEARCH_USER_PATHS = NO;
				CLANG_ANALYZER_NONNULL = YES;
				CLANG_ANALYZER_NUMBER_OBJECT_CONVERSION = YES_AGGRESSIVE;
				CLANG_CXX_LANGUAGE_STANDARD = "gnu++20";
				CLANG_ENABLE_MODULES = YES;
				CLANG_ENABLE_OBJC_ARC = YES;
				CLANG_ENABLE_OBJC_WEAK = YES;
				CLANG_WARN_BLOCK_CAPTURE_AUTORELEASING = YES;
				CLANG_WARN_BOOL_CONVERSION = YES;
				CLANG_WARN_COMMA = YES;
				CLANG_WARN_CONSTANT_CONVERSION = YES;
				CLANG_WARN_DEPRECATED_OBJC_IMPLEMENTATIONS = YES;
				CLANG_WARN_DIRECT_OBJC_ISA_USAGE = YES_ERROR;
				CLANG_WARN_DOCUMENTATION_COMMENTS = YES;
				CLANG_WARN_EMPTY_BODY = YES;
				CLANG_WARN_ENUM_CONVERSION = YES;
				CLANG_WARN_INFINITE_RECURSION = YES;
				CLANG_WARN_INT_CONVERSION = YES;
				CLANG_WARN_NON_LITERAL_NULL_CONVERSION = YES;
				CLANG_WARN_OBJC_IMPLICIT_RETAIN_SELF = YES;
				CLANG_WARN_OBJC_LITERAL_CONVERSION = YES;
				CLANG_WARN_OBJC_ROOT_CLASS = YES_ERROR;
				CLANG_WARN_QUOTED_INCLUDE_IN_FRAMEWORK_HEADER = YES;
				CLANG_WARN_RANGE_LOOP_ANALYSIS = YES;
				CLANG_WARN_STRICT_PROTOTYPES = YES;
				CLANG_WARN_SUSPICIOUS_MOVE = YES;
				CLANG_WARN_UNGUARDED_AVAILABILITY = YES_AGGRESSIVE;
				CLANG_WARN_UNREACHABLE_CODE = YES;
				CLANG_WARN__DUPLICATE_METHOD_MATCH = YES;
				COPY_PHASE_STRIP = NO;
				DEBUG_INFORMATION_FORMAT = dwarf;
				ENABLE_STRICT_OBJC_MSGSEND = YES;
				ENABLE_TESTABILITY = YES;
				GCC_C_LANGUAGE_STANDARD = gnu11;
				GCC_DYNAMIC_NO_PIC = NO;
				GCC_NO_COMMON_BLOCKS = YES;
				GCC_OPTIMIZATION_LEVEL = 0;
				GCC_PREPROCESSOR_DEFINITIONS = (
					"DEBUG=1",
					"$(inherited)",
				);
				GCC_WARN_64_TO_32_BIT_CONVERSION = YES;
				GCC_WARN_ABOUT_RETURN_TYPE = YES_ERROR;
				GCC_WARN_UNDECLARED_SELECTOR = YES;
				GCC_WARN_UNINITIALIZED_AUTOS = YES_AGGRESSIVE;
				GCC_WARN_UNUSED_FUNCTION = YES;
				GCC_WARN_UNUSED_VARIABLE = YES;
				IPHONEOS_DEPLOYMENT_TARGET = 16.4;
				MTL_ENABLE_DEBUG_INFO = INCLUDE_SOURCE;
				MTL_FAST_MATH = YES;
				ONLY_ACTIVE_ARCH = YES;
				SDKROOT = iphoneos;
				SWIFT_ACTIVE_COMPILATION_CONDITIONS = DEBUG;
				SWIFT_OPTIMIZATION_LEVEL = "-Onone";
			};
			name = Debug;
		};
		078DE1EC2A4F7DCA008871D0 /* Release */ = {
			isa = XCBuildConfiguration;
			buildSettings = {
				ALWAYS_SEARCH_USER_PATHS = NO;
				CLANG_ANALYZER_NONNULL = YES;
				CLANG_ANALYZER_NUMBER_OBJECT_CONVERSION = YES_AGGRESSIVE;
				CLANG_CXX_LANGUAGE_STANDARD = "gnu++20";
				CLANG_ENABLE_MODULES = YES;
				CLANG_ENABLE_OBJC_ARC = YES;
				CLANG_ENABLE_OBJC_WEAK = YES;
				CLANG_WARN_BLOCK_CAPTURE_AUTORELEASING = YES;
				CLANG_WARN_BOOL_CONVERSION = YES;
				CLANG_WARN_COMMA = YES;
				CLANG_WARN_CONSTANT_CONVERSION = YES;
				CLANG_WARN_DEPRECATED_OBJC_IMPLEMENTATIONS = YES;
				CLANG_WARN_DIRECT_OBJC_ISA_USAGE = YES_ERROR;
				CLANG_WARN_DOCUMENTATION_COMMENTS = YES;
				CLANG_WARN_EMPTY_BODY = YES;
				CLANG_WARN_ENUM_CONVERSION = YES;
				CLANG_WARN_INFINITE_RECURSION = YES;
				CLANG_WARN_INT_CONVERSION = YES;
				CLANG_WARN_NON_LITERAL_NULL_CONVERSION = YES;
				CLANG_WARN_OBJC_IMPLICIT_RETAIN_SELF = YES;
				CLANG_WARN_OBJC_LITERAL_CONVERSION = YES;
				CLANG_WARN_OBJC_ROOT_CLASS = YES_ERROR;
				CLANG_WARN_QUOTED_INCLUDE_IN_FRAMEWORK_HEADER = YES;
				CLANG_WARN_RANGE_LOOP_ANALYSIS = YES;
				CLANG_WARN_STRICT_PROTOTYPES = YES;
				CLANG_WARN_SUSPICIOUS_MOVE = YES;
				CLANG_WARN_UNGUARDED_AVAILABILITY = YES_AGGRESSIVE;
				CLANG_WARN_UNREACHABLE_CODE = YES;
				CLANG_WARN__DUPLICATE_METHOD_MATCH = YES;
				COPY_PHASE_STRIP = NO;
				DEBUG_INFORMATION_FORMAT = "dwarf-with-dsym";
				ENABLE_NS_ASSERTIONS = NO;
				ENABLE_STRICT_OBJC_MSGSEND = YES;
				GCC_C_LANGUAGE_STANDARD = gnu11;
				GCC_NO_COMMON_BLOCKS = YES;
				GCC_WARN_64_TO_32_BIT_CONVERSION = YES;
				GCC_WARN_ABOUT_RETURN_TYPE = YES_ERROR;
				GCC_WARN_UNDECLARED_SELECTOR = YES;
				GCC_WARN_UNINITIALIZED_AUTOS = YES_AGGRESSIVE;
				GCC_WARN_UNUSED_FUNCTION = YES;
				GCC_WARN_UNUSED_VARIABLE = YES;
				IPHONEOS_DEPLOYMENT_TARGET = 16.4;
				MTL_ENABLE_DEBUG_INFO = NO;
				MTL_FAST_MATH = YES;
				SDKROOT = iphoneos;
				SWIFT_COMPILATION_MODE = wholemodule;
				SWIFT_OPTIMIZATION_LEVEL = "-O";
				VALIDATE_PRODUCT = YES;
			};
			name = Release;
		};
		078DE1EE2A4F7DCA008871D0 /* Debug */ = {
			isa = XCBuildConfiguration;
			buildSettings = {
				ASSETCATALOG_COMPILER_APPICON_NAME = AppIcon;
				ASSETCATALOG_COMPILER_GLOBAL_ACCENT_COLOR_NAME = AccentColor;
				CODE_SIGN_STYLE = Automatic;
				CURRENT_PROJECT_VERSION = 1;
				DEVELOPMENT_ASSET_PATHS = "\"FetchCodingChallenge/Preview Content\"";
				DEVELOPMENT_TEAM = FTZ6LB3GZN;
				ENABLE_PREVIEWS = YES;
				GENERATE_INFOPLIST_FILE = YES;
				INFOPLIST_KEY_UIApplicationSceneManifest_Generation = YES;
				INFOPLIST_KEY_UIApplicationSupportsIndirectInputEvents = YES;
				INFOPLIST_KEY_UILaunchScreen_Generation = YES;
				INFOPLIST_KEY_UISupportedInterfaceOrientations_iPad = "UIInterfaceOrientationPortrait UIInterfaceOrientationPortraitUpsideDown UIInterfaceOrientationLandscapeLeft UIInterfaceOrientationLandscapeRight";
				INFOPLIST_KEY_UISupportedInterfaceOrientations_iPhone = "UIInterfaceOrientationPortrait UIInterfaceOrientationLandscapeLeft UIInterfaceOrientationLandscapeRight";
				IPHONEOS_DEPLOYMENT_TARGET = 16.0;
				LD_RUNPATH_SEARCH_PATHS = (
					"$(inherited)",
					"@executable_path/Frameworks",
				);
				MARKETING_VERSION = 1.0;
				PRODUCT_BUNDLE_IDENTIFIER = com.vishnusriram.FetchCodingChallenge;
				PRODUCT_NAME = "$(TARGET_NAME)";
				SWIFT_EMIT_LOC_STRINGS = YES;
				SWIFT_VERSION = 5.0;
				TARGETED_DEVICE_FAMILY = "1,2";
			};
			name = Debug;
		};
		078DE1EF2A4F7DCA008871D0 /* Release */ = {
			isa = XCBuildConfiguration;
			buildSettings = {
				ASSETCATALOG_COMPILER_APPICON_NAME = AppIcon;
				ASSETCATALOG_COMPILER_GLOBAL_ACCENT_COLOR_NAME = AccentColor;
				CODE_SIGN_STYLE = Automatic;
				CURRENT_PROJECT_VERSION = 1;
				DEVELOPMENT_ASSET_PATHS = "\"FetchCodingChallenge/Preview Content\"";
				DEVELOPMENT_TEAM = FTZ6LB3GZN;
				ENABLE_PREVIEWS = YES;
				GENERATE_INFOPLIST_FILE = YES;
				INFOPLIST_KEY_UIApplicationSceneManifest_Generation = YES;
				INFOPLIST_KEY_UIApplicationSupportsIndirectInputEvents = YES;
				INFOPLIST_KEY_UILaunchScreen_Generation = YES;
				INFOPLIST_KEY_UISupportedInterfaceOrientations_iPad = "UIInterfaceOrientationPortrait UIInterfaceOrientationPortraitUpsideDown UIInterfaceOrientationLandscapeLeft UIInterfaceOrientationLandscapeRight";
				INFOPLIST_KEY_UISupportedInterfaceOrientations_iPhone = "UIInterfaceOrientationPortrait UIInterfaceOrientationLandscapeLeft UIInterfaceOrientationLandscapeRight";
				IPHONEOS_DEPLOYMENT_TARGET = 16.0;
				LD_RUNPATH_SEARCH_PATHS = (
					"$(inherited)",
					"@executable_path/Frameworks",
				);
				MARKETING_VERSION = 1.0;
				PRODUCT_BUNDLE_IDENTIFIER = com.vishnusriram.FetchCodingChallenge;
				PRODUCT_NAME = "$(TARGET_NAME)";
				SWIFT_EMIT_LOC_STRINGS = YES;
				SWIFT_VERSION = 5.0;
				TARGETED_DEVICE_FAMILY = "1,2";
			};
			name = Release;
		};
		07ACD9402A4FEE87008DD9BC /* Debug */ = {
			isa = XCBuildConfiguration;
			buildSettings = {
				BUNDLE_LOADER = "$(TEST_HOST)";
				CODE_SIGN_STYLE = Automatic;
				CURRENT_PROJECT_VERSION = 1;
				DEVELOPMENT_TEAM = FTZ6LB3GZN;
				GENERATE_INFOPLIST_FILE = YES;
				MARKETING_VERSION = 1.0;
				PRODUCT_BUNDLE_IDENTIFIER = com.vishnusriram.FetchCodingChallengeTests;
				PRODUCT_NAME = "$(TARGET_NAME)";
				SWIFT_EMIT_LOC_STRINGS = NO;
				SWIFT_VERSION = 5.0;
				TARGETED_DEVICE_FAMILY = "1,2";
				TEST_HOST = "$(BUILT_PRODUCTS_DIR)/FetchCodingChallenge.app/$(BUNDLE_EXECUTABLE_FOLDER_PATH)/FetchCodingChallenge";
			};
			name = Debug;
		};
		07ACD9412A4FEE87008DD9BC /* Release */ = {
			isa = XCBuildConfiguration;
			buildSettings = {
				BUNDLE_LOADER = "$(TEST_HOST)";
				CODE_SIGN_STYLE = Automatic;
				CURRENT_PROJECT_VERSION = 1;
				DEVELOPMENT_TEAM = FTZ6LB3GZN;
				GENERATE_INFOPLIST_FILE = YES;
				MARKETING_VERSION = 1.0;
				PRODUCT_BUNDLE_IDENTIFIER = com.vishnusriram.FetchCodingChallengeTests;
				PRODUCT_NAME = "$(TARGET_NAME)";
				SWIFT_EMIT_LOC_STRINGS = NO;
				SWIFT_VERSION = 5.0;
				TARGETED_DEVICE_FAMILY = "1,2";
				TEST_HOST = "$(BUILT_PRODUCTS_DIR)/FetchCodingChallenge.app/$(BUNDLE_EXECUTABLE_FOLDER_PATH)/FetchCodingChallenge";
			};
			name = Release;
		};
/* End XCBuildConfiguration section */

/* Begin XCConfigurationList section */
		078DE1DA2A4F7DC9008871D0 /* Build configuration list for PBXProject "FetchCodingChallenge" */ = {
			isa = XCConfigurationList;
			buildConfigurations = (
				078DE1EB2A4F7DCA008871D0 /* Debug */,
				078DE1EC2A4F7DCA008871D0 /* Release */,
			);
			defaultConfigurationIsVisible = 0;
			defaultConfigurationName = Release;
		};
		078DE1ED2A4F7DCA008871D0 /* Build configuration list for PBXNativeTarget "FetchCodingChallenge" */ = {
			isa = XCConfigurationList;
			buildConfigurations = (
				078DE1EE2A4F7DCA008871D0 /* Debug */,
				078DE1EF2A4F7DCA008871D0 /* Release */,
			);
			defaultConfigurationIsVisible = 0;
			defaultConfigurationName = Release;
		};
		07ACD9422A4FEE87008DD9BC /* Build configuration list for PBXNativeTarget "FetchCodingChallengeTests" */ = {
			isa = XCConfigurationList;
			buildConfigurations = (
				07ACD9402A4FEE87008DD9BC /* Debug */,
				07ACD9412A4FEE87008DD9BC /* Release */,
			);
			defaultConfigurationIsVisible = 0;
			defaultConfigurationName = Release;
		};
/* End XCConfigurationList section */
	};
	rootObject = 078DE1D72A4F7DC9008871D0 /* Project object */;
}
